{
  "version": 4,
  "terraform_version": "1.13.4",
  "serial": 41,
  "lineage": "d97a30aa-83ad-3d5b-e2a3-a7c4eae08316",
  "outputs": {
    "bastion_id": {
      "value": "/subscriptions/6fc13d10-c1bf-4274-8d91-68859a20ab08/resourceGroups/hamza-rg-hub/providers/Microsoft.Network/bastionHosts/hamza-bastion",
      "type": "string"
    },
    "firewall_id": {
      "value": "/subscriptions/6fc13d10-c1bf-4274-8d91-68859a20ab08/resourceGroups/hamza-rg-hub/providers/Microsoft.Network/azureFirewalls/hamza-firewall",
      "type": "string"
    },
    "hub_resource_group": {
      "value": "hamza-rg-hub",
      "type": "string"
    },
    "hub_subnets": {
      "value": {
        "bastion": "/subscriptions/6fc13d10-c1bf-4274-8d91-68859a20ab08/resourceGroups/hamza-rg-hub/providers/Microsoft.Network/virtualNetworks/hamza-hub-vnet/subnets/AzureBastionSubnet",
        "firewall": "/subscriptions/6fc13d10-c1bf-4274-8d91-68859a20ab08/resourceGroups/hamza-rg-hub/providers/Microsoft.Network/virtualNetworks/hamza-hub-vnet/subnets/AzureFirewallSubnet",
        "gateway": "/subscriptions/6fc13d10-c1bf-4274-8d91-68859a20ab08/resourceGroups/hamza-rg-hub/providers/Microsoft.Network/virtualNetworks/hamza-hub-vnet/subnets/GatewaySubnet",
        "monitor": "/subscriptions/6fc13d10-c1bf-4274-8d91-68859a20ab08/resourceGroups/hamza-rg-hub/providers/Microsoft.Network/virtualNetworks/hamza-hub-vnet/subnets/monitor-subnet"
      },
      "type": [
        "object",
        {
          "bastion": "string",
          "firewall": "string",
          "gateway": "string",
          "monitor": "string"
        }
      ]
    },
    "hub_vnet_id": {
      "value": "/subscriptions/6fc13d10-c1bf-4274-8d91-68859a20ab08/resourceGroups/hamza-rg-hub/providers/Microsoft.Network/virtualNetworks/hamza-hub-vnet",
      "type": "string"
    },
    "vpn_gateway_id": {
      "value": "/subscriptions/6fc13d10-c1bf-4274-8d91-68859a20ab08/resourceGroups/hamza-rg-hub/providers/Microsoft.Network/virtualNetworkGateways/hamza-vpngw",
      "type": "string"
    }
  },
  "resources": [
    {
      "module": "module.hub",
      "mode": "managed",
      "type": "azurerm_bastion_host",
      "name": "bastion",
      "provider": "provider[\"registry.terraform.io/hashicorp/azurerm\"]",
      "instances": [
        {
          "schema_version": 0,
          "attributes": {
            "copy_paste_enabled": true,
            "dns_name": "bst-51279166-8011-4fe0-8326-455c8a3b8253.bastion.azure.com",
            "file_copy_enabled": false,
            "id": "/subscriptions/6fc13d10-c1bf-4274-8d91-68859a20ab08/resourceGroups/hamza-rg-hub/providers/Microsoft.Network/bastionHosts/hamza-bastion",
            "ip_configuration": [
              {
                "name": "bastion-ip",
                "public_ip_address_id": "/subscriptions/6fc13d10-c1bf-4274-8d91-68859a20ab08/resourceGroups/hamza-rg-hub/providers/Microsoft.Network/publicIPAddresses/hamza-bastion-pip",
                "subnet_id": "/subscriptions/6fc13d10-c1bf-4274-8d91-68859a20ab08/resourceGroups/hamza-rg-hub/providers/Microsoft.Network/virtualNetworks/hamza-hub-vnet/subnets/AzureBastionSubnet"
              }
            ],
            "ip_connect_enabled": false,
            "kerberos_enabled": false,
            "location": "uksouth",
            "name": "hamza-bastion",
            "resource_group_name": "hamza-rg-hub",
            "scale_units": 2,
            "session_recording_enabled": false,
            "shareable_link_enabled": false,
            "sku": "Basic",
            "tags": {
              "component": "hub",
              "created_by": "terraform",
              "environment": "dev",
              "owner": "Hamza",
              "project": "hub-spoke-architecture"
            },
            "timeouts": null,
            "tunneling_enabled": false,
            "virtual_network_id": "",
            "zones": []
          },
          "sensitive_attributes": [],
          "identity_schema_version": 0,
          "identity": {
            "name": "hamza-bastion",
            "resource_group_name": "hamza-rg-hub",
            "subscription_id": "6fc13d10-c1bf-4274-8d91-68859a20ab08"
          },
          "private": "eyJlMmJmYjczMC1lY2FhLTExZTYtOGY4OC0zNDM2M2JjN2M0YzAiOnsiY3JlYXRlIjoxODAwMDAwMDAwMDAwLCJkZWxldGUiOjE4MDAwMDAwMDAwMDAsInJlYWQiOjMwMDAwMDAwMDAwMCwidXBkYXRlIjoxODAwMDAwMDAwMDAwfX0=",
          "dependencies": [
            "module.hub.azurerm_public_ip.bastion_pip",
            "module.hub.azurerm_resource_group.hub",
            "module.hub.azurerm_subnet.bastion",
            "module.hub.azurerm_virtual_network.hub"
          ]
        }
      ]
    },
    {
      "module": "module.hub",
      "mode": "managed",
      "type": "azurerm_firewall",
      "name": "fw",
      "provider": "provider[\"registry.terraform.io/hashicorp/azurerm\"]",
      "instances": [
        {
          "schema_version": 0,
          "attributes": {
            "dns_proxy_enabled": false,
            "dns_servers": [],
            "firewall_policy_id": "",
            "id": "/subscriptions/6fc13d10-c1bf-4274-8d91-68859a20ab08/resourceGroups/hamza-rg-hub/providers/Microsoft.Network/azureFirewalls/hamza-firewall",
            "ip_configuration": [
              {
                "name": "fw-config",
                "private_ip_address": "10.0.3.4",
                "public_ip_address_id": "/subscriptions/6fc13d10-c1bf-4274-8d91-68859a20ab08/resourceGroups/hamza-rg-hub/providers/Microsoft.Network/publicIPAddresses/hamza-fw-pip",
                "subnet_id": "/subscriptions/6fc13d10-c1bf-4274-8d91-68859a20ab08/resourceGroups/hamza-rg-hub/providers/Microsoft.Network/virtualNetworks/hamza-hub-vnet/subnets/AzureFirewallSubnet"
              }
            ],
            "location": "uksouth",
            "management_ip_configuration": [],
            "name": "hamza-firewall",
            "private_ip_ranges": [],
            "resource_group_name": "hamza-rg-hub",
            "sku_name": "AZFW_VNet",
            "sku_tier": "Standard",
            "tags": {
              "component": "hub",
              "created_by": "terraform",
              "environment": "dev",
              "owner": "Hamza",
              "project": "hub-spoke-architecture"
            },
            "threat_intel_mode": "Alert",
            "timeouts": null,
            "virtual_hub": [],
            "zones": []
          },
          "sensitive_attributes": [],
          "identity_schema_version": 0,
          "identity": {
            "name": "hamza-firewall",
            "resource_group_name": "hamza-rg-hub",
            "subscription_id": "6fc13d10-c1bf-4274-8d91-68859a20ab08"
          },
          "private": "eyJlMmJmYjczMC1lY2FhLTExZTYtOGY4OC0zNDM2M2JjN2M0YzAiOnsiY3JlYXRlIjo1NDAwMDAwMDAwMDAwLCJkZWxldGUiOjU0MDAwMDAwMDAwMDAsInJlYWQiOjMwMDAwMDAwMDAwMCwidXBkYXRlIjo1NDAwMDAwMDAwMDAwfX0=",
          "dependencies": [
            "module.hub.azurerm_public_ip.fw_pip",
            "module.hub.azurerm_resource_group.hub",
            "module.hub.azurerm_subnet.firewall",
            "module.hub.azurerm_virtual_network.hub"
          ]
        }
      ]
    },
    {
      "module": "module.hub",
      "mode": "managed",
      "type": "azurerm_log_analytics_workspace",
      "name": "la",
      "provider": "provider[\"registry.terraform.io/hashicorp/azurerm\"]",
      "instances": [
        {
          "schema_version": 3,
          "attributes": {
            "allow_resource_only_permissions": true,
            "cmk_for_query_forced": false,
            "daily_quota_gb": -1,
            "data_collection_rule_id": "",
            "id": "/subscriptions/6fc13d10-c1bf-4274-8d91-68859a20ab08/resourceGroups/hamza-rg-hub/providers/Microsoft.OperationalInsights/workspaces/hamza-law",
            "identity": [],
            "immediate_data_purge_on_30_days_enabled": false,
            "internet_ingestion_enabled": true,
            "internet_query_enabled": true,
            "local_authentication_disabled": true,
            "local_authentication_enabled": false,
            "location": "uksouth",
            "name": "hamza-law",
            "primary_shared_key": "Ubunku5UC083Ku6VaVd32Am9augSE6dLUinsIREudnnzhsRj/WXwSEcbGmTrlqnMe5vYSQMJWoRPD9/CQY5lFw==",
            "reservation_capacity_in_gb_per_day": null,
            "resource_group_name": "hamza-rg-hub",
            "retention_in_days": 30,
            "secondary_shared_key": "QYReUjJywRRdzWy8WDfDTG6Bf1U3ACV8de/HO8CmZaKds2TPGq8SJpotk6r4nldg9+nc0Uvrhr6KHbzWkHVS6A==",
            "sku": "PerGB2018",
            "tags": {
              "component": "hub",
              "created_by": "terraform",
              "environment": "dev",
              "owner": "Hamza",
              "project": "hub-spoke-architecture"
            },
            "timeouts": null,
            "workspace_id": "79ed0fef-c92e-4c9a-a4ed-d02761d21e12"
          },
          "sensitive_attributes": [
            [
              {
                "type": "get_attr",
                "value": "primary_shared_key"
              }
            ],
            [
              {
                "type": "get_attr",
                "value": "secondary_shared_key"
              }
            ]
          ],
          "identity_schema_version": 0,
          "private": "eyJlMmJmYjczMC1lY2FhLTExZTYtOGY4OC0zNDM2M2JjN2M0YzAiOnsiY3JlYXRlIjoxODAwMDAwMDAwMDAwLCJkZWxldGUiOjE4MDAwMDAwMDAwMDAsInJlYWQiOjMwMDAwMDAwMDAwMCwidXBkYXRlIjoxODAwMDAwMDAwMDAwfSwic2NoZW1hX3ZlcnNpb24iOiIzIn0=",
          "dependencies": [
            "module.hub.azurerm_resource_group.hub"
          ]
        }
      ]
    },
    {
      "module": "module.hub",
      "mode": "managed",
      "type": "azurerm_network_watcher",
      "name": "nw",
      "provider": "provider[\"registry.terraform.io/hashicorp/azurerm\"]",
      "instances": [
        {
          "schema_version": 0,
          "attributes": {
            "id": "/subscriptions/6fc13d10-c1bf-4274-8d91-68859a20ab08/resourceGroups/hamza-rg-hub/providers/Microsoft.Network/networkWatchers/hamza-nw",
            "location": "uksouth",
            "name": "hamza-nw",
            "resource_group_name": "hamza-rg-hub",
            "tags": {
              "component": "hub",
              "created_by": "terraform",
              "environment": "dev",
              "owner": "Hamza",
              "project": "hub-spoke-architecture"
            },
            "timeouts": null
          },
          "sensitive_attributes": [],
          "identity_schema_version": 0,
          "private": "eyJlMmJmYjczMC1lY2FhLTExZTYtOGY4OC0zNDM2M2JjN2M0YzAiOnsiY3JlYXRlIjoxODAwMDAwMDAwMDAwLCJkZWxldGUiOjE4MDAwMDAwMDAwMDAsInJlYWQiOjMwMDAwMDAwMDAwMCwidXBkYXRlIjoxODAwMDAwMDAwMDAwfX0=",
          "dependencies": [
            "module.hub.azurerm_resource_group.hub"
          ]
        }
      ]
    },
    {
      "module": "module.hub",
      "mode": "managed",
      "type": "azurerm_public_ip",
      "name": "bastion_pip",
      "provider": "provider[\"registry.terraform.io/hashicorp/azurerm\"]",
      "instances": [
        {
          "schema_version": 0,
          "attributes": {
            "allocation_method": "Static",
            "ddos_protection_mode": "VirtualNetworkInherited",
            "ddos_protection_plan_id": null,
            "domain_name_label": null,
            "domain_name_label_scope": null,
            "edge_zone": "",
            "fqdn": null,
            "id": "/subscriptions/6fc13d10-c1bf-4274-8d91-68859a20ab08/resourceGroups/hamza-rg-hub/providers/Microsoft.Network/publicIPAddresses/hamza-bastion-pip",
            "idle_timeout_in_minutes": 4,
            "ip_address": "172.167.132.67",
            "ip_tags": {},
            "ip_version": "IPv4",
            "location": "uksouth",
            "name": "hamza-bastion-pip",
            "public_ip_prefix_id": null,
            "resource_group_name": "hamza-rg-hub",
            "reverse_fqdn": null,
            "sku": "Standard",
            "sku_tier": "Regional",
            "tags": {
              "component": "hub",
              "created_by": "terraform",
              "environment": "dev",
              "owner": "Hamza",
              "project": "hub-spoke-architecture"
            },
            "timeouts": null,
            "zones": []
          },
          "sensitive_attributes": [],
          "identity_schema_version": 0,
          "private": "eyJlMmJmYjczMC1lY2FhLTExZTYtOGY4OC0zNDM2M2JjN2M0YzAiOnsiY3JlYXRlIjoxODAwMDAwMDAwMDAwLCJkZWxldGUiOjE4MDAwMDAwMDAwMDAsInJlYWQiOjMwMDAwMDAwMDAwMCwidXBkYXRlIjoxODAwMDAwMDAwMDAwfX0=",
          "dependencies": [
            "module.hub.azurerm_resource_group.hub"
          ]
        }
      ]
    },
    {
      "module": "module.hub",
      "mode": "managed",
      "type": "azurerm_public_ip",
      "name": "fw_pip",
      "provider": "provider[\"registry.terraform.io/hashicorp/azurerm\"]",
      "instances": [
        {
          "schema_version": 0,
          "attributes": {
            "allocation_method": "Static",
            "ddos_protection_mode": "VirtualNetworkInherited",
            "ddos_protection_plan_id": null,
            "domain_name_label": null,
            "domain_name_label_scope": null,
            "edge_zone": "",
            "fqdn": null,
            "id": "/subscriptions/6fc13d10-c1bf-4274-8d91-68859a20ab08/resourceGroups/hamza-rg-hub/providers/Microsoft.Network/publicIPAddresses/hamza-fw-pip",
            "idle_timeout_in_minutes": 4,
            "ip_address": "172.166.250.137",
            "ip_tags": {},
            "ip_version": "IPv4",
            "location": "uksouth",
            "name": "hamza-fw-pip",
            "public_ip_prefix_id": null,
            "resource_group_name": "hamza-rg-hub",
            "reverse_fqdn": null,
            "sku": "Standard",
            "sku_tier": "Regional",
            "tags": {
              "component": "hub",
              "created_by": "terraform",
              "environment": "dev",
              "owner": "Hamza",
              "project": "hub-spoke-architecture"
            },
            "timeouts": null,
            "zones": []
          },
          "sensitive_attributes": [],
          "identity_schema_version": 0,
          "private": "eyJlMmJmYjczMC1lY2FhLTExZTYtOGY4OC0zNDM2M2JjN2M0YzAiOnsiY3JlYXRlIjoxODAwMDAwMDAwMDAwLCJkZWxldGUiOjE4MDAwMDAwMDAwMDAsInJlYWQiOjMwMDAwMDAwMDAwMCwidXBkYXRlIjoxODAwMDAwMDAwMDAwfX0=",
          "dependencies": [
            "module.hub.azurerm_resource_group.hub"
          ]
        }
      ]
    },
    {
      "module": "module.hub",
      "mode": "managed",
      "type": "azurerm_public_ip",
      "name": "vpn_pip",
      "provider": "provider[\"registry.terraform.io/hashicorp/azurerm\"]",
      "instances": [
        {
          "schema_version": 0,
          "attributes": {
            "allocation_method": "Static",
            "ddos_protection_mode": "VirtualNetworkInherited",
            "ddos_protection_plan_id": null,
            "domain_name_label": null,
            "domain_name_label_scope": null,
            "edge_zone": "",
            "fqdn": null,
            "id": "/subscriptions/6fc13d10-c1bf-4274-8d91-68859a20ab08/resourceGroups/hamza-rg-hub/providers/Microsoft.Network/publicIPAddresses/hamza-vpn-pip",
            "idle_timeout_in_minutes": 4,
            "ip_address": "20.162.220.123",
            "ip_tags": {},
            "ip_version": "IPv4",
            "location": "uksouth",
            "name": "hamza-vpn-pip",
            "public_ip_prefix_id": null,
            "resource_group_name": "hamza-rg-hub",
            "reverse_fqdn": null,
            "sku": "Standard",
            "sku_tier": "Regional",
            "tags": {
              "component": "hub",
              "created_by": "terraform",
              "environment": "dev",
              "owner": "Hamza",
              "project": "hub-spoke-architecture"
            },
            "timeouts": null,
            "zones": []
          },
          "sensitive_attributes": [],
          "identity_schema_version": 0,
          "private": "eyJlMmJmYjczMC1lY2FhLTExZTYtOGY4OC0zNDM2M2JjN2M0YzAiOnsiY3JlYXRlIjoxODAwMDAwMDAwMDAwLCJkZWxldGUiOjE4MDAwMDAwMDAwMDAsInJlYWQiOjMwMDAwMDAwMDAwMCwidXBkYXRlIjoxODAwMDAwMDAwMDAwfX0=",
          "dependencies": [
            "module.hub.azurerm_resource_group.hub"
          ]
        }
      ]
    },
    {
      "module": "module.hub",
      "mode": "managed",
      "type": "azurerm_resource_group",
      "name": "hub",
      "provider": "provider[\"registry.terraform.io/hashicorp/azurerm\"]",
      "instances": [
        {
          "schema_version": 0,
          "attributes": {
            "id": "/subscriptions/6fc13d10-c1bf-4274-8d91-68859a20ab08/resourceGroups/hamza-rg-hub",
            "location": "uksouth",
            "managed_by": "",
            "name": "hamza-rg-hub",
            "tags": {
              "component": "hub",
              "created_by": "terraform",
              "environment": "dev",
              "owner": "Hamza",
              "project": "hub-spoke-architecture"
            },
            "timeouts": null
          },
          "sensitive_attributes": [],
          "identity_schema_version": 0,
          "private": "eyJlMmJmYjczMC1lY2FhLTExZTYtOGY4OC0zNDM2M2JjN2M0YzAiOnsiY3JlYXRlIjo1NDAwMDAwMDAwMDAwLCJkZWxldGUiOjU0MDAwMDAwMDAwMDAsInJlYWQiOjMwMDAwMDAwMDAwMCwidXBkYXRlIjo1NDAwMDAwMDAwMDAwfX0="
        }
      ]
    },
    {
      "module": "module.hub",
      "mode": "managed",
      "type": "azurerm_subnet",
      "name": "bastion",
      "provider": "provider[\"registry.terraform.io/hashicorp/azurerm\"]",
      "instances": [
        {
          "schema_version": 0,
          "attributes": {
            "address_prefixes": [
              "10.0.2.0/24"
            ],
            "default_outbound_access_enabled": true,
            "delegation": [],
            "id": "/subscriptions/6fc13d10-c1bf-4274-8d91-68859a20ab08/resourceGroups/hamza-rg-hub/providers/Microsoft.Network/virtualNetworks/hamza-hub-vnet/subnets/AzureBastionSubnet",
            "ip_address_pool": [],
            "name": "AzureBastionSubnet",
            "private_endpoint_network_policies": "Disabled",
            "private_link_service_network_policies_enabled": true,
            "resource_group_name": "hamza-rg-hub",
            "service_endpoint_policy_ids": [],
            "service_endpoints": [],
            "timeouts": null,
            "virtual_network_name": "hamza-hub-vnet"
          },
          "sensitive_attributes": [],
          "identity_schema_version": 0,
          "identity": {
            "name": "AzureBastionSubnet",
            "resource_group_name": "hamza-rg-hub",
            "subscription_id": "6fc13d10-c1bf-4274-8d91-68859a20ab08",
            "virtual_network_name": "hamza-hub-vnet"
          },
          "private": "eyJlMmJmYjczMC1lY2FhLTExZTYtOGY4OC0zNDM2M2JjN2M0YzAiOnsiY3JlYXRlIjoxODAwMDAwMDAwMDAwLCJkZWxldGUiOjE4MDAwMDAwMDAwMDAsInJlYWQiOjMwMDAwMDAwMDAwMCwidXBkYXRlIjoxODAwMDAwMDAwMDAwfX0=",
          "dependencies": [
            "module.hub.azurerm_resource_group.hub",
            "module.hub.azurerm_virtual_network.hub"
          ]
        }
      ]
    },
    {
      "module": "module.hub",
      "mode": "managed",
      "type": "azurerm_subnet",
      "name": "firewall",
      "provider": "provider[\"registry.terraform.io/hashicorp/azurerm\"]",
      "instances": [
        {
          "schema_version": 0,
          "attributes": {
            "address_prefixes": [
              "10.0.3.0/26"
            ],
            "default_outbound_access_enabled": true,
            "delegation": [],
            "id": "/subscriptions/6fc13d10-c1bf-4274-8d91-68859a20ab08/resourceGroups/hamza-rg-hub/providers/Microsoft.Network/virtualNetworks/hamza-hub-vnet/subnets/AzureFirewallSubnet",
            "ip_address_pool": [],
            "name": "AzureFirewallSubnet",
            "private_endpoint_network_policies": "Disabled",
            "private_link_service_network_policies_enabled": true,
            "resource_group_name": "hamza-rg-hub",
            "service_endpoint_policy_ids": [],
            "service_endpoints": [],
            "timeouts": null,
            "virtual_network_name": "hamza-hub-vnet"
          },
          "sensitive_attributes": [],
          "identity_schema_version": 0,
          "identity": {
            "name": "AzureFirewallSubnet",
            "resource_group_name": "hamza-rg-hub",
            "subscription_id": "6fc13d10-c1bf-4274-8d91-68859a20ab08",
            "virtual_network_name": "hamza-hub-vnet"
          },
          "private": "eyJlMmJmYjczMC1lY2FhLTExZTYtOGY4OC0zNDM2M2JjN2M0YzAiOnsiY3JlYXRlIjoxODAwMDAwMDAwMDAwLCJkZWxldGUiOjE4MDAwMDAwMDAwMDAsInJlYWQiOjMwMDAwMDAwMDAwMCwidXBkYXRlIjoxODAwMDAwMDAwMDAwfX0=",
          "dependencies": [
            "module.hub.azurerm_resource_group.hub",
            "module.hub.azurerm_virtual_network.hub"
          ]
        }
      ]
    },
    {
      "module": "module.hub",
      "mode": "managed",
      "type": "azurerm_subnet",
      "name": "gateway",
      "provider": "provider[\"registry.terraform.io/hashicorp/azurerm\"]",
      "instances": [
        {
          "schema_version": 0,
          "attributes": {
            "address_prefixes": [
              "10.0.1.0/27"
            ],
            "default_outbound_access_enabled": true,
            "delegation": [],
            "id": "/subscriptions/6fc13d10-c1bf-4274-8d91-68859a20ab08/resourceGroups/hamza-rg-hub/providers/Microsoft.Network/virtualNetworks/hamza-hub-vnet/subnets/GatewaySubnet",
            "ip_address_pool": [],
            "name": "GatewaySubnet",
            "private_endpoint_network_policies": "Disabled",
            "private_link_service_network_policies_enabled": true,
            "resource_group_name": "hamza-rg-hub",
            "service_endpoint_policy_ids": [],
            "service_endpoints": [],
            "timeouts": null,
            "virtual_network_name": "hamza-hub-vnet"
          },
          "sensitive_attributes": [],
          "identity_schema_version": 0,
          "identity": {
            "name": "GatewaySubnet",
            "resource_group_name": "hamza-rg-hub",
            "subscription_id": "6fc13d10-c1bf-4274-8d91-68859a20ab08",
            "virtual_network_name": "hamza-hub-vnet"
          },
          "private": "eyJlMmJmYjczMC1lY2FhLTExZTYtOGY4OC0zNDM2M2JjN2M0YzAiOnsiY3JlYXRlIjoxODAwMDAwMDAwMDAwLCJkZWxldGUiOjE4MDAwMDAwMDAwMDAsInJlYWQiOjMwMDAwMDAwMDAwMCwidXBkYXRlIjoxODAwMDAwMDAwMDAwfX0=",
          "dependencies": [
            "module.hub.azurerm_resource_group.hub",
            "module.hub.azurerm_virtual_network.hub"
          ]
        }
      ]
    },
    {
      "module": "module.hub",
      "mode": "managed",
      "type": "azurerm_subnet",
      "name": "monitor",
      "provider": "provider[\"registry.terraform.io/hashicorp/azurerm\"]",
      "instances": [
        {
          "schema_version": 0,
          "attributes": {
            "address_prefixes": [
              "10.0.4.0/24"
            ],
            "default_outbound_access_enabled": true,
            "delegation": [],
            "id": "/subscriptions/6fc13d10-c1bf-4274-8d91-68859a20ab08/resourceGroups/hamza-rg-hub/providers/Microsoft.Network/virtualNetworks/hamza-hub-vnet/subnets/monitor-subnet",
            "ip_address_pool": [],
            "name": "monitor-subnet",
            "private_endpoint_network_policies": "Disabled",
            "private_link_service_network_policies_enabled": true,
            "resource_group_name": "hamza-rg-hub",
            "service_endpoint_policy_ids": [],
            "service_endpoints": [],
            "timeouts": null,
            "virtual_network_name": "hamza-hub-vnet"
          },
          "sensitive_attributes": [],
          "identity_schema_version": 0,
          "identity": {
            "name": "monitor-subnet",
            "resource_group_name": "hamza-rg-hub",
            "subscription_id": "6fc13d10-c1bf-4274-8d91-68859a20ab08",
            "virtual_network_name": "hamza-hub-vnet"
          },
          "private": "eyJlMmJmYjczMC1lY2FhLTExZTYtOGY4OC0zNDM2M2JjN2M0YzAiOnsiY3JlYXRlIjoxODAwMDAwMDAwMDAwLCJkZWxldGUiOjE4MDAwMDAwMDAwMDAsInJlYWQiOjMwMDAwMDAwMDAwMCwidXBkYXRlIjoxODAwMDAwMDAwMDAwfX0=",
          "dependencies": [
            "module.hub.azurerm_resource_group.hub",
            "module.hub.azurerm_virtual_network.hub"
          ]
        }
      ]
    },
    {
      "module": "module.hub",
      "mode": "managed",
      "type": "azurerm_virtual_network",
      "name": "hub",
      "provider": "provider[\"registry.terraform.io/hashicorp/azurerm\"]",
      "instances": [
        {
          "schema_version": 0,
          "attributes": {
            "address_space": [
              "10.0.0.0/16"
            ],
            "bgp_community": "",
            "ddos_protection_plan": [],
            "dns_servers": [],
            "edge_zone": "",
            "encryption": [],
            "flow_timeout_in_minutes": 0,
            "guid": "d13dc15b-b21d-48b2-ab91-8e6f17aeadb2",
            "id": "/subscriptions/6fc13d10-c1bf-4274-8d91-68859a20ab08/resourceGroups/hamza-rg-hub/providers/Microsoft.Network/virtualNetworks/hamza-hub-vnet",
            "ip_address_pool": [],
            "location": "uksouth",
            "name": "hamza-hub-vnet",
            "private_endpoint_vnet_policies": "Disabled",
            "resource_group_name": "hamza-rg-hub",
            "subnet": [
              {
                "address_prefixes": [
                  "10.0.1.0/27"
                ],
                "default_outbound_access_enabled": true,
                "delegation": [],
                "id": "/subscriptions/6fc13d10-c1bf-4274-8d91-68859a20ab08/resourceGroups/hamza-rg-hub/providers/Microsoft.Network/virtualNetworks/hamza-hub-vnet/subnets/GatewaySubnet",
                "name": "GatewaySubnet",
                "private_endpoint_network_policies": "Disabled",
                "private_link_service_network_policies_enabled": true,
                "route_table_id": "",
                "security_group": "",
                "service_endpoint_policy_ids": [],
                "service_endpoints": []
              },
              {
                "address_prefixes": [
                  "10.0.2.0/24"
                ],
                "default_outbound_access_enabled": true,
                "delegation": [],
                "id": "/subscriptions/6fc13d10-c1bf-4274-8d91-68859a20ab08/resourceGroups/hamza-rg-hub/providers/Microsoft.Network/virtualNetworks/hamza-hub-vnet/subnets/AzureBastionSubnet",
                "name": "AzureBastionSubnet",
                "private_endpoint_network_policies": "Disabled",
                "private_link_service_network_policies_enabled": true,
                "route_table_id": "",
                "security_group": "",
                "service_endpoint_policy_ids": [],
                "service_endpoints": []
              },
              {
                "address_prefixes": [
                  "10.0.3.0/26"
                ],
                "default_outbound_access_enabled": true,
                "delegation": [],
                "id": "/subscriptions/6fc13d10-c1bf-4274-8d91-68859a20ab08/resourceGroups/hamza-rg-hub/providers/Microsoft.Network/virtualNetworks/hamza-hub-vnet/subnets/AzureFirewallSubnet",
                "name": "AzureFirewallSubnet",
                "private_endpoint_network_policies": "Disabled",
                "private_link_service_network_policies_enabled": true,
                "route_table_id": "",
                "security_group": "",
                "service_endpoint_policy_ids": [],
                "service_endpoints": []
              },
              {
                "address_prefixes": [
                  "10.0.4.0/24"
                ],
                "default_outbound_access_enabled": true,
                "delegation": [],
                "id": "/subscriptions/6fc13d10-c1bf-4274-8d91-68859a20ab08/resourceGroups/hamza-rg-hub/providers/Microsoft.Network/virtualNetworks/hamza-hub-vnet/subnets/monitor-subnet",
                "name": "monitor-subnet",
                "private_endpoint_network_policies": "Disabled",
                "private_link_service_network_policies_enabled": true,
                "route_table_id": "",
                "security_group": "",
                "service_endpoint_policy_ids": [],
                "service_endpoints": []
              }
            ],
            "tags": {
              "component": "hub",
              "created_by": "terraform",
              "environment": "dev",
              "owner": "Hamza",
              "project": "hub-spoke-architecture"
            },
            "timeouts": null
          },
          "sensitive_attributes": [],
          "identity_schema_version": 0,
          "identity": {
            "name": "hamza-hub-vnet",
            "resource_group_name": "hamza-rg-hub",
            "subscription_id": "6fc13d10-c1bf-4274-8d91-68859a20ab08"
          },
          "private": "eyJlMmJmYjczMC1lY2FhLTExZTYtOGY4OC0zNDM2M2JjN2M0YzAiOnsiY3JlYXRlIjoxODAwMDAwMDAwMDAwLCJkZWxldGUiOjE4MDAwMDAwMDAwMDAsInJlYWQiOjMwMDAwMDAwMDAwMCwidXBkYXRlIjoxODAwMDAwMDAwMDAwfX0=",
          "dependencies": [
            "module.hub.azurerm_resource_group.hub"
          ]
        }
      ]
    },
    {
      "module": "module.hub",
      "mode": "managed",
      "type": "azurerm_virtual_network_gateway",
      "name": "vpn_gw",
      "provider": "provider[\"registry.terraform.io/hashicorp/azurerm\"]",
      "instances": [
        {
          "schema_version": 0,
          "attributes": {
            "active_active": false,
            "bgp_route_translation_for_nat_enabled": false,
            "bgp_settings": [
              {
                "asn": 65515,
                "peer_weight": 0,
                "peering_addresses": [
                  {
                    "apipa_addresses": [],
                    "default_addresses": [
                      "10.0.1.30"
                    ],
                    "ip_configuration_name": "vpngw-ipcfg",
                    "tunnel_ip_addresses": [
                      "20.162.220.123"
                    ]
                  }
                ]
              }
            ],
            "custom_route": [],
            "default_local_network_gateway_id": null,
            "dns_forwarding_enabled": false,
            "edge_zone": "",
            "enable_bgp": false,
            "generation": "Generation1",
            "id": "/subscriptions/6fc13d10-c1bf-4274-8d91-68859a20ab08/resourceGroups/hamza-rg-hub/providers/Microsoft.Network/virtualNetworkGateways/hamza-vpngw",
            "ip_configuration": [
              {
                "name": "vpngw-ipcfg",
                "private_ip_address_allocation": "Dynamic",
                "public_ip_address_id": "/subscriptions/6fc13d10-c1bf-4274-8d91-68859a20ab08/resourceGroups/hamza-rg-hub/providers/Microsoft.Network/publicIPAddresses/hamza-vpn-pip",
                "subnet_id": "/subscriptions/6fc13d10-c1bf-4274-8d91-68859a20ab08/resourceGroups/hamza-rg-hub/providers/Microsoft.Network/virtualNetworks/hamza-hub-vnet/subnets/GatewaySubnet"
              }
            ],
            "ip_sec_replay_protection_enabled": true,
            "location": "uksouth",
            "name": "hamza-vpngw",
            "policy_group": [],
            "private_ip_address_enabled": false,
            "remote_vnet_traffic_enabled": false,
            "resource_group_name": "hamza-rg-hub",
            "sku": "VpnGw1",
            "tags": {
              "component": "hub",
              "created_by": "terraform",
              "environment": "dev",
              "owner": "Hamza",
              "project": "hub-spoke-architecture"
            },
            "timeouts": null,
            "type": "Vpn",
            "virtual_wan_traffic_enabled": false,
            "vpn_client_configuration": [],
            "vpn_type": "RouteBased"
          },
          "sensitive_attributes": [],
          "identity_schema_version": 0,
          "private": "eyJlMmJmYjczMC1lY2FhLTExZTYtOGY4OC0zNDM2M2JjN2M0YzAiOnsiY3JlYXRlIjo1NDAwMDAwMDAwMDAwLCJkZWxldGUiOjM2MDAwMDAwMDAwMDAsInJlYWQiOjMwMDAwMDAwMDAwMCwidXBkYXRlIjozNjAwMDAwMDAwMDAwfSwic2NoZW1hX3ZlcnNpb24iOiIwIn0=",
          "dependencies": [
            "module.hub.azurerm_public_ip.vpn_pip",
            "module.hub.azurerm_resource_group.hub",
            "module.hub.azurerm_subnet.gateway",
            "module.hub.azurerm_virtual_network.hub"
          ]
        }
      ]
    },
    {
      "module": "module.spoke_app",
      "mode": "managed",
      "type": "azurerm_network_interface",
      "name": "nic",
      "provider": "provider[\"registry.terraform.io/hashicorp/azurerm\"]",
      "instances": [
        {
          "schema_version": 0,
          "attributes": {
            "accelerated_networking_enabled": false,
            "applied_dns_servers": [],
            "auxiliary_mode": "",
            "auxiliary_sku": "",
            "dns_servers": [],
            "edge_zone": "",
            "id": "/subscriptions/6fc13d10-c1bf-4274-8d91-68859a20ab08/resourceGroups/spoke-app-rg/providers/Microsoft.Network/networkInterfaces/spoke-app-nic",
            "internal_dns_name_label": "",
            "internal_domain_name_suffix": "qil5sf5efcxe3c5qzghwyleg4d.zx.internal.cloudapp.net",
            "ip_configuration": [
              {
                "gateway_load_balancer_frontend_ip_configuration_id": "",
                "name": "internal",
                "primary": true,
                "private_ip_address": "10.1.1.4",
                "private_ip_address_allocation": "Dynamic",
                "private_ip_address_version": "IPv4",
                "public_ip_address_id": "",
                "subnet_id": "/subscriptions/6fc13d10-c1bf-4274-8d91-68859a20ab08/resourceGroups/spoke-app-rg/providers/Microsoft.Network/virtualNetworks/spoke-app-vnet/subnets/subnet-app"
              }
            ],
            "ip_forwarding_enabled": false,
            "location": "uksouth",
            "mac_address": "7C-1E-52-2E-3D-4C",
            "name": "spoke-app-nic",
            "private_ip_address": "10.1.1.4",
            "private_ip_addresses": [
              "10.1.1.4"
            ],
            "resource_group_name": "spoke-app-rg",
            "tags": {
              "component": "spoke",
              "created_by": "terraform",
              "owner": "Hamza",
              "project": "Hybrid-Azure"
            },
            "timeouts": null,
            "virtual_machine_id": "/subscriptions/6fc13d10-c1bf-4274-8d91-68859a20ab08/resourceGroups/spoke-app-rg/providers/Microsoft.Compute/virtualMachines/spoke-app-vm"
          },
          "sensitive_attributes": [],
          "identity_schema_version": 0,
          "identity": {
            "name": "spoke-app-nic",
            "resource_group_name": "spoke-app-rg",
            "subscription_id": "6fc13d10-c1bf-4274-8d91-68859a20ab08"
          },
          "private": "eyJlMmJmYjczMC1lY2FhLTExZTYtOGY4OC0zNDM2M2JjN2M0YzAiOnsiY3JlYXRlIjoxODAwMDAwMDAwMDAwLCJkZWxldGUiOjE4MDAwMDAwMDAwMDAsInJlYWQiOjMwMDAwMDAwMDAwMCwidXBkYXRlIjoxODAwMDAwMDAwMDAwfX0=",
          "dependencies": [
            "module.spoke_app.azurerm_resource_group.spoke",
            "module.spoke_app.azurerm_subnet.subnet",
            "module.spoke_app.azurerm_virtual_network.spoke"
          ]
        }
      ]
    },
    {
      "module": "module.spoke_app",
      "mode": "managed",
      "type": "azurerm_resource_group",
      "name": "spoke",
      "provider": "provider[\"registry.terraform.io/hashicorp/azurerm\"]",
      "instances": [
        {
          "schema_version": 0,
          "attributes": {
            "id": "/subscriptions/6fc13d10-c1bf-4274-8d91-68859a20ab08/resourceGroups/spoke-app-rg",
            "location": "uksouth",
            "managed_by": "",
            "name": "spoke-app-rg",
            "tags": {
              "component": "spoke",
              "created_by": "terraform",
              "owner": "Hamza",
              "project": "Hybrid-Azure"
            },
            "timeouts": null
          },
          "sensitive_attributes": [],
          "identity_schema_version": 0,
          "private": "eyJlMmJmYjczMC1lY2FhLTExZTYtOGY4OC0zNDM2M2JjN2M0YzAiOnsiY3JlYXRlIjo1NDAwMDAwMDAwMDAwLCJkZWxldGUiOjU0MDAwMDAwMDAwMDAsInJlYWQiOjMwMDAwMDAwMDAwMCwidXBkYXRlIjo1NDAwMDAwMDAwMDAwfX0="
        }
      ]
    },
    {
      "module": "module.spoke_app",
      "mode": "managed",
      "type": "azurerm_subnet",
      "name": "subnet",
      "provider": "provider[\"registry.terraform.io/hashicorp/azurerm\"]",
      "instances": [
        {
          "schema_version": 0,
          "attributes": {
            "address_prefixes": [
              "10.1.1.0/24"
            ],
            "default_outbound_access_enabled": true,
            "delegation": [],
            "id": "/subscriptions/6fc13d10-c1bf-4274-8d91-68859a20ab08/resourceGroups/spoke-app-rg/providers/Microsoft.Network/virtualNetworks/spoke-app-vnet/subnets/subnet-app",
            "ip_address_pool": [],
            "name": "subnet-app",
            "private_endpoint_network_policies": "Disabled",
            "private_link_service_network_policies_enabled": true,
            "resource_group_name": "spoke-app-rg",
            "service_endpoint_policy_ids": [],
            "service_endpoints": [],
            "timeouts": null,
            "virtual_network_name": "spoke-app-vnet"
          },
          "sensitive_attributes": [],
          "identity_schema_version": 0,
          "identity": {
            "name": "subnet-app",
            "resource_group_name": "spoke-app-rg",
            "subscription_id": "6fc13d10-c1bf-4274-8d91-68859a20ab08",
            "virtual_network_name": "spoke-app-vnet"
          },
          "private": "eyJlMmJmYjczMC1lY2FhLTExZTYtOGY4OC0zNDM2M2JjN2M0YzAiOnsiY3JlYXRlIjoxODAwMDAwMDAwMDAwLCJkZWxldGUiOjE4MDAwMDAwMDAwMDAsInJlYWQiOjMwMDAwMDAwMDAwMCwidXBkYXRlIjoxODAwMDAwMDAwMDAwfX0=",
          "dependencies": [
            "module.spoke_app.azurerm_resource_group.spoke",
            "module.spoke_app.azurerm_virtual_network.spoke"
          ]
        }
      ]
    },
    {
      "module": "module.spoke_app",
      "mode": "managed",
      "type": "azurerm_virtual_network",
      "name": "spoke",
      "provider": "provider[\"registry.terraform.io/hashicorp/azurerm\"]",
      "instances": [
        {
          "schema_version": 0,
          "attributes": {
            "address_space": [
              "10.1.0.0/16"
            ],
            "bgp_community": "",
            "ddos_protection_plan": [],
            "dns_servers": [],
            "edge_zone": "",
            "encryption": [],
            "flow_timeout_in_minutes": 0,
            "guid": "17f91782-28e4-4eae-8bf0-c98f6c2c86f3",
            "id": "/subscriptions/6fc13d10-c1bf-4274-8d91-68859a20ab08/resourceGroups/spoke-app-rg/providers/Microsoft.Network/virtualNetworks/spoke-app-vnet",
            "ip_address_pool": [],
            "location": "uksouth",
            "name": "spoke-app-vnet",
            "private_endpoint_vnet_policies": "Disabled",
            "resource_group_name": "spoke-app-rg",
            "subnet": [
              {
                "address_prefixes": [
                  "10.1.1.0/24"
                ],
                "default_outbound_access_enabled": true,
                "delegation": [],
                "id": "/subscriptions/6fc13d10-c1bf-4274-8d91-68859a20ab08/resourceGroups/spoke-app-rg/providers/Microsoft.Network/virtualNetworks/spoke-app-vnet/subnets/subnet-app",
                "name": "subnet-app",
                "private_endpoint_network_policies": "Disabled",
                "private_link_service_network_policies_enabled": true,
                "route_table_id": "",
                "security_group": "",
                "service_endpoint_policy_ids": [],
                "service_endpoints": []
              }
            ],
            "tags": {
              "component": "spoke",
              "created_by": "terraform",
              "owner": "Hamza",
              "project": "Hybrid-Azure"
            },
            "timeouts": null
          },
          "sensitive_attributes": [],
          "identity_schema_version": 0,
          "identity": {
            "name": "spoke-app-vnet",
            "resource_group_name": "spoke-app-rg",
            "subscription_id": "6fc13d10-c1bf-4274-8d91-68859a20ab08"
          },
          "private": "eyJlMmJmYjczMC1lY2FhLTExZTYtOGY4OC0zNDM2M2JjN2M0YzAiOnsiY3JlYXRlIjoxODAwMDAwMDAwMDAwLCJkZWxldGUiOjE4MDAwMDAwMDAwMDAsInJlYWQiOjMwMDAwMDAwMDAwMCwidXBkYXRlIjoxODAwMDAwMDAwMDAwfX0=",
          "dependencies": [
            "module.spoke_app.azurerm_resource_group.spoke"
          ]
        }
      ]
    },
    {
      "module": "module.spoke_app",
      "mode": "managed",
      "type": "azurerm_virtual_network_peering",
      "name": "hub_to_spoke",
      "provider": "provider[\"registry.terraform.io/hashicorp/azurerm\"]",
      "instances": [
        {
          "schema_version": 0,
          "attributes": {
            "allow_forwarded_traffic": true,
            "allow_gateway_transit": false,
            "allow_virtual_network_access": true,
            "id": "/subscriptions/6fc13d10-c1bf-4274-8d91-68859a20ab08/resourceGroups/hamza-rg-hub/providers/Microsoft.Network/virtualNetworks/hamza-hub-vnet/virtualNetworkPeerings/hub-to-spoke-app",
            "local_subnet_names": [],
            "name": "hub-to-spoke-app",
            "only_ipv6_peering_enabled": false,
            "peer_complete_virtual_networks_enabled": true,
            "remote_subnet_names": [],
            "remote_virtual_network_id": "/subscriptions/6fc13d10-c1bf-4274-8d91-68859a20ab08/resourceGroups/spoke-app-rg/providers/Microsoft.Network/virtualNetworks/spoke-app-vnet",
            "resource_group_name": "hamza-rg-hub",
            "timeouts": null,
            "triggers": null,
            "use_remote_gateways": false,
            "virtual_network_name": "hamza-hub-vnet"
          },
          "sensitive_attributes": [],
          "identity_schema_version": 0,
          "private": "eyJlMmJmYjczMC1lY2FhLTExZTYtOGY4OC0zNDM2M2JjN2M0YzAiOnsiY3JlYXRlIjoxODAwMDAwMDAwMDAwLCJkZWxldGUiOjE4MDAwMDAwMDAwMDAsInJlYWQiOjMwMDAwMDAwMDAwMCwidXBkYXRlIjoxODAwMDAwMDAwMDAwfX0=",
          "dependencies": [
            "module.hub.azurerm_resource_group.hub",
            "module.hub.azurerm_virtual_network.hub",
            "module.spoke_app.azurerm_resource_group.spoke",
            "module.spoke_app.azurerm_virtual_network.spoke"
          ]
        }
      ]
    },
    {
      "module": "module.spoke_app",
      "mode": "managed",
      "type": "azurerm_virtual_network_peering",
      "name": "spoke_to_hub",
      "provider": "provider[\"registry.terraform.io/hashicorp/azurerm\"]",
      "instances": [
        {
          "schema_version": 0,
          "attributes": {
            "allow_forwarded_traffic": true,
            "allow_gateway_transit": false,
            "allow_virtual_network_access": true,
            "id": "/subscriptions/6fc13d10-c1bf-4274-8d91-68859a20ab08/resourceGroups/spoke-app-rg/providers/Microsoft.Network/virtualNetworks/spoke-app-vnet/virtualNetworkPeerings/spoke-app-to-hub",
            "local_subnet_names": [],
            "name": "spoke-app-to-hub",
            "only_ipv6_peering_enabled": false,
            "peer_complete_virtual_networks_enabled": true,
            "remote_subnet_names": [],
            "remote_virtual_network_id": "/subscriptions/6fc13d10-c1bf-4274-8d91-68859a20ab08/resourceGroups/hamza-rg-hub/providers/Microsoft.Network/virtualNetworks/hamza-hub-vnet",
            "resource_group_name": "spoke-app-rg",
            "timeouts": null,
            "triggers": null,
            "use_remote_gateways": false,
            "virtual_network_name": "spoke-app-vnet"
          },
          "sensitive_attributes": [],
          "identity_schema_version": 0,
          "private": "eyJlMmJmYjczMC1lY2FhLTExZTYtOGY4OC0zNDM2M2JjN2M0YzAiOnsiY3JlYXRlIjoxODAwMDAwMDAwMDAwLCJkZWxldGUiOjE4MDAwMDAwMDAwMDAsInJlYWQiOjMwMDAwMDAwMDAwMCwidXBkYXRlIjoxODAwMDAwMDAwMDAwfX0=",
          "dependencies": [
            "module.hub.azurerm_resource_group.hub",
            "module.hub.azurerm_virtual_network.hub",
            "module.spoke_app.azurerm_resource_group.spoke",
            "module.spoke_app.azurerm_virtual_network.spoke"
          ]
        }
      ]
    },
    {
      "module": "module.spoke_app",
      "mode": "managed",
      "type": "azurerm_windows_virtual_machine",
      "name": "vm",
      "provider": "provider[\"registry.terraform.io/hashicorp/azurerm\"]",
      "instances": [
        {
          "schema_version": 0,
          "attributes": {
            "additional_capabilities": [],
            "additional_unattend_content": [],
            "admin_password": "Hamza@987987",
            "admin_username": "hamza",
            "allow_extension_operations": true,
            "availability_set_id": "",
            "boot_diagnostics": [],
            "bypass_platform_safety_checks_on_user_schedule_enabled": false,
            "capacity_reservation_group_id": "",
            "computer_name": "spoke-app-vm",
            "custom_data": null,
            "dedicated_host_group_id": "",
            "dedicated_host_id": "",
            "disk_controller_type": "",
            "edge_zone": "",
            "enable_automatic_updates": true,
            "encryption_at_host_enabled": false,
            "eviction_policy": "",
            "extensions_time_budget": "PT1H30M",
            "gallery_application": [],
            "hotpatching_enabled": false,
            "id": "/subscriptions/6fc13d10-c1bf-4274-8d91-68859a20ab08/resourceGroups/spoke-app-rg/providers/Microsoft.Compute/virtualMachines/spoke-app-vm",
            "identity": [],
            "license_type": "",
            "location": "uksouth",
            "max_bid_price": -1,
            "name": "spoke-app-vm",
            "network_interface_ids": [
              "/subscriptions/6fc13d10-c1bf-4274-8d91-68859a20ab08/resourceGroups/spoke-app-rg/providers/Microsoft.Network/networkInterfaces/spoke-app-nic"
            ],
            "os_disk": [
              {
                "caching": "ReadWrite",
                "diff_disk_settings": [],
                "disk_encryption_set_id": "",
                "disk_size_gb": 127,
                "id": "/subscriptions/6fc13d10-c1bf-4274-8d91-68859a20ab08/resourceGroups/spoke-app-rg/providers/Microsoft.Compute/disks/spoke-app-vm_OsDisk_1_1c45d98ca39e4cb596179a3127da7fb8",
                "name": "spoke-app-vm_OsDisk_1_1c45d98ca39e4cb596179a3127da7fb8",
                "secure_vm_disk_encryption_set_id": "",
                "security_encryption_type": "",
                "storage_account_type": "Standard_LRS",
                "write_accelerator_enabled": false
              }
            ],
            "os_image_notification": [],
            "patch_assessment_mode": "ImageDefault",
            "patch_mode": "AutomaticByOS",
            "plan": [],
            "platform_fault_domain": -1,
            "priority": "Regular",
            "private_ip_address": "10.1.1.4",
            "private_ip_addresses": [
              "10.1.1.4"
            ],
            "provision_vm_agent": true,
            "proximity_placement_group_id": "",
            "public_ip_address": "",
            "public_ip_addresses": [],
            "reboot_setting": "",
            "resource_group_name": "spoke-app-rg",
            "secret": [],
            "secure_boot_enabled": false,
            "size": "Standard_B1s",
            "source_image_id": "",
            "source_image_reference": [
              {
                "offer": "WindowsServer",
                "publisher": "MicrosoftWindowsServer",
                "sku": "2019-Datacenter",
                "version": "latest"
              }
            ],
            "tags": {
              "component": "spoke",
              "created_by": "terraform",
              "owner": "Hamza",
              "project": "Hybrid-Azure"
            },
            "termination_notification": [],
            "timeouts": null,
            "timezone": "",
            "user_data": "",
            "virtual_machine_id": "898a06a8-3329-4d7c-8715-a6a8435bbc33",
            "virtual_machine_scale_set_id": "",
            "vm_agent_platform_updates_enabled": true,
            "vtpm_enabled": false,
            "winrm_listener": [],
            "zone": ""
          },
          "sensitive_attributes": [
            [
              {
                "type": "get_attr",
                "value": "admin_password"
              }
            ],
            [
              {
                "type": "get_attr",
                "value": "custom_data"
              }
            ]
          ],
          "identity_schema_version": 0,
          "private": "eyJlMmJmYjczMC1lY2FhLTExZTYtOGY4OC0zNDM2M2JjN2M0YzAiOnsiY3JlYXRlIjoyNzAwMDAwMDAwMDAwLCJkZWxldGUiOjI3MDAwMDAwMDAwMDAsInJlYWQiOjMwMDAwMDAwMDAwMCwidXBkYXRlIjoyNzAwMDAwMDAwMDAwfX0=",
          "dependencies": [
            "module.spoke_app.azurerm_network_interface.nic",
            "module.spoke_app.azurerm_resource_group.spoke",
            "module.spoke_app.azurerm_subnet.subnet",
            "module.spoke_app.azurerm_virtual_network.spoke"
          ]
        }
      ]
    },
    {
      "module": "module.spoke_db",
      "mode": "managed",
      "type": "azurerm_network_interface",
      "name": "nic",
      "provider": "provider[\"registry.terraform.io/hashicorp/azurerm\"]",
      "instances": [
        {
          "schema_version": 0,
          "attributes": {
            "accelerated_networking_enabled": false,
            "applied_dns_servers": [],
            "auxiliary_mode": "",
            "auxiliary_sku": "",
            "dns_servers": [],
            "edge_zone": "",
            "id": "/subscriptions/6fc13d10-c1bf-4274-8d91-68859a20ab08/resourceGroups/spoke-db-rg/providers/Microsoft.Network/networkInterfaces/spoke-db-nic",
            "internal_dns_name_label": "",
            "internal_domain_name_suffix": "3022xiyt5w3uzkzcwmdcgu1gvf.zx.internal.cloudapp.net",
            "ip_configuration": [
              {
                "gateway_load_balancer_frontend_ip_configuration_id": "",
                "name": "internal",
                "primary": true,
                "private_ip_address": "10.2.1.4",
                "private_ip_address_allocation": "Dynamic",
                "private_ip_address_version": "IPv4",
                "public_ip_address_id": "",
                "subnet_id": "/subscriptions/6fc13d10-c1bf-4274-8d91-68859a20ab08/resourceGroups/spoke-db-rg/providers/Microsoft.Network/virtualNetworks/spoke-db-vnet/subnets/subnet-db"
              }
            ],
            "ip_forwarding_enabled": false,
            "location": "uksouth",
            "mac_address": "7C-ED-8D-9C-36-76",
            "name": "spoke-db-nic",
            "private_ip_address": "10.2.1.4",
            "private_ip_addresses": [
              "10.2.1.4"
            ],
            "resource_group_name": "spoke-db-rg",
            "tags": {
              "component": "spoke",
              "created_by": "terraform",
              "owner": "Hamza",
              "project": "Hybrid-Azure"
            },
            "timeouts": null,
            "virtual_machine_id": "/subscriptions/6fc13d10-c1bf-4274-8d91-68859a20ab08/resourceGroups/spoke-db-rg/providers/Microsoft.Compute/virtualMachines/spoke-db-vm"
          },
          "sensitive_attributes": [],
          "identity_schema_version": 0,
          "identity": {
            "name": "spoke-db-nic",
            "resource_group_name": "spoke-db-rg",
            "subscription_id": "6fc13d10-c1bf-4274-8d91-68859a20ab08"
          },
          "private": "eyJlMmJmYjczMC1lY2FhLTExZTYtOGY4OC0zNDM2M2JjN2M0YzAiOnsiY3JlYXRlIjoxODAwMDAwMDAwMDAwLCJkZWxldGUiOjE4MDAwMDAwMDAwMDAsInJlYWQiOjMwMDAwMDAwMDAwMCwidXBkYXRlIjoxODAwMDAwMDAwMDAwfX0=",
          "dependencies": [
            "module.spoke_db.azurerm_resource_group.spoke",
            "module.spoke_db.azurerm_subnet.subnet",
            "module.spoke_db.azurerm_virtual_network.spoke"
          ]
        }
      ]
    },
    {
      "module": "module.spoke_db",
      "mode": "managed",
      "type": "azurerm_resource_group",
      "name": "spoke",
      "provider": "provider[\"registry.terraform.io/hashicorp/azurerm\"]",
      "instances": [
        {
          "schema_version": 0,
          "attributes": {
            "id": "/subscriptions/6fc13d10-c1bf-4274-8d91-68859a20ab08/resourceGroups/spoke-db-rg",
            "location": "uksouth",
            "managed_by": "",
            "name": "spoke-db-rg",
            "tags": {
              "component": "spoke",
              "created_by": "terraform",
              "owner": "Hamza",
              "project": "Hybrid-Azure"
            },
            "timeouts": null
          },
          "sensitive_attributes": [],
          "identity_schema_version": 0,
          "private": "eyJlMmJmYjczMC1lY2FhLTExZTYtOGY4OC0zNDM2M2JjN2M0YzAiOnsiY3JlYXRlIjo1NDAwMDAwMDAwMDAwLCJkZWxldGUiOjU0MDAwMDAwMDAwMDAsInJlYWQiOjMwMDAwMDAwMDAwMCwidXBkYXRlIjo1NDAwMDAwMDAwMDAwfX0="
        }
      ]
    },
    {
      "module": "module.spoke_db",
      "mode": "managed",
      "type": "azurerm_subnet",
      "name": "subnet",
      "provider": "provider[\"registry.terraform.io/hashicorp/azurerm\"]",
      "instances": [
        {
          "schema_version": 0,
          "attributes": {
            "address_prefixes": [
              "10.2.1.0/24"
            ],
            "default_outbound_access_enabled": true,
            "delegation": [],
            "id": "/subscriptions/6fc13d10-c1bf-4274-8d91-68859a20ab08/resourceGroups/spoke-db-rg/providers/Microsoft.Network/virtualNetworks/spoke-db-vnet/subnets/subnet-db",
            "ip_address_pool": [],
            "name": "subnet-db",
            "private_endpoint_network_policies": "Disabled",
            "private_link_service_network_policies_enabled": true,
            "resource_group_name": "spoke-db-rg",
            "service_endpoint_policy_ids": [],
            "service_endpoints": [],
            "timeouts": null,
            "virtual_network_name": "spoke-db-vnet"
          },
          "sensitive_attributes": [],
          "identity_schema_version": 0,
          "identity": {
            "name": "subnet-db",
            "resource_group_name": "spoke-db-rg",
            "subscription_id": "6fc13d10-c1bf-4274-8d91-68859a20ab08",
            "virtual_network_name": "spoke-db-vnet"
          },
          "private": "eyJlMmJmYjczMC1lY2FhLTExZTYtOGY4OC0zNDM2M2JjN2M0YzAiOnsiY3JlYXRlIjoxODAwMDAwMDAwMDAwLCJkZWxldGUiOjE4MDAwMDAwMDAwMDAsInJlYWQiOjMwMDAwMDAwMDAwMCwidXBkYXRlIjoxODAwMDAwMDAwMDAwfX0=",
          "dependencies": [
            "module.spoke_db.azurerm_resource_group.spoke",
            "module.spoke_db.azurerm_virtual_network.spoke"
          ]
        }
      ]
    },
    {
      "module": "module.spoke_db",
      "mode": "managed",
      "type": "azurerm_virtual_network",
      "name": "spoke",
      "provider": "provider[\"registry.terraform.io/hashicorp/azurerm\"]",
      "instances": [
        {
          "schema_version": 0,
          "attributes": {
            "address_space": [
              "10.2.0.0/16"
            ],
            "bgp_community": "",
            "ddos_protection_plan": [],
            "dns_servers": [],
            "edge_zone": "",
            "encryption": [],
            "flow_timeout_in_minutes": 0,
            "guid": "a3cbb9ee-fd13-4cbb-ab22-b306235366ad",
            "id": "/subscriptions/6fc13d10-c1bf-4274-8d91-68859a20ab08/resourceGroups/spoke-db-rg/providers/Microsoft.Network/virtualNetworks/spoke-db-vnet",
            "ip_address_pool": [],
            "location": "uksouth",
            "name": "spoke-db-vnet",
            "private_endpoint_vnet_policies": "Disabled",
            "resource_group_name": "spoke-db-rg",
            "subnet": [
              {
                "address_prefixes": [
                  "10.2.1.0/24"
                ],
                "default_outbound_access_enabled": true,
                "delegation": [],
                "id": "/subscriptions/6fc13d10-c1bf-4274-8d91-68859a20ab08/resourceGroups/spoke-db-rg/providers/Microsoft.Network/virtualNetworks/spoke-db-vnet/subnets/subnet-db",
                "name": "subnet-db",
                "private_endpoint_network_policies": "Disabled",
                "private_link_service_network_policies_enabled": true,
                "route_table_id": "",
                "security_group": "",
                "service_endpoint_policy_ids": [],
                "service_endpoints": []
              }
            ],
            "tags": {
              "component": "spoke",
              "created_by": "terraform",
              "owner": "Hamza",
              "project": "Hybrid-Azure"
            },
            "timeouts": null
          },
          "sensitive_attributes": [],
          "identity_schema_version": 0,
          "identity": {
            "name": "spoke-db-vnet",
            "resource_group_name": "spoke-db-rg",
            "subscription_id": "6fc13d10-c1bf-4274-8d91-68859a20ab08"
          },
          "private": "eyJlMmJmYjczMC1lY2FhLTExZTYtOGY4OC0zNDM2M2JjN2M0YzAiOnsiY3JlYXRlIjoxODAwMDAwMDAwMDAwLCJkZWxldGUiOjE4MDAwMDAwMDAwMDAsInJlYWQiOjMwMDAwMDAwMDAwMCwidXBkYXRlIjoxODAwMDAwMDAwMDAwfX0=",
          "dependencies": [
            "module.spoke_db.azurerm_resource_group.spoke"
          ]
        }
      ]
    },
    {
      "module": "module.spoke_db",
      "mode": "managed",
      "type": "azurerm_virtual_network_peering",
      "name": "hub_to_spoke",
      "provider": "provider[\"registry.terraform.io/hashicorp/azurerm\"]",
      "instances": [
        {
          "schema_version": 0,
          "attributes": {
            "allow_forwarded_traffic": true,
            "allow_gateway_transit": false,
            "allow_virtual_network_access": true,
            "id": "/subscriptions/6fc13d10-c1bf-4274-8d91-68859a20ab08/resourceGroups/hamza-rg-hub/providers/Microsoft.Network/virtualNetworks/hamza-hub-vnet/virtualNetworkPeerings/hub-to-spoke-db",
            "local_subnet_names": [],
            "name": "hub-to-spoke-db",
            "only_ipv6_peering_enabled": false,
            "peer_complete_virtual_networks_enabled": true,
            "remote_subnet_names": [],
            "remote_virtual_network_id": "/subscriptions/6fc13d10-c1bf-4274-8d91-68859a20ab08/resourceGroups/spoke-db-rg/providers/Microsoft.Network/virtualNetworks/spoke-db-vnet",
            "resource_group_name": "hamza-rg-hub",
            "timeouts": null,
            "triggers": null,
            "use_remote_gateways": false,
            "virtual_network_name": "hamza-hub-vnet"
          },
          "sensitive_attributes": [],
          "identity_schema_version": 0,
          "private": "eyJlMmJmYjczMC1lY2FhLTExZTYtOGY4OC0zNDM2M2JjN2M0YzAiOnsiY3JlYXRlIjoxODAwMDAwMDAwMDAwLCJkZWxldGUiOjE4MDAwMDAwMDAwMDAsInJlYWQiOjMwMDAwMDAwMDAwMCwidXBkYXRlIjoxODAwMDAwMDAwMDAwfX0=",
          "dependencies": [
            "module.hub.azurerm_resource_group.hub",
            "module.hub.azurerm_virtual_network.hub",
            "module.spoke_db.azurerm_resource_group.spoke",
            "module.spoke_db.azurerm_virtual_network.spoke"
          ]
        }
      ]
    },
    {
      "module": "module.spoke_db",
      "mode": "managed",
      "type": "azurerm_virtual_network_peering",
      "name": "spoke_to_hub",
      "provider": "provider[\"registry.terraform.io/hashicorp/azurerm\"]",
      "instances": [
        {
          "schema_version": 0,
          "attributes": {
            "allow_forwarded_traffic": true,
            "allow_gateway_transit": false,
            "allow_virtual_network_access": true,
            "id": "/subscriptions/6fc13d10-c1bf-4274-8d91-68859a20ab08/resourceGroups/spoke-db-rg/providers/Microsoft.Network/virtualNetworks/spoke-db-vnet/virtualNetworkPeerings/spoke-db-to-hub",
            "local_subnet_names": [],
            "name": "spoke-db-to-hub",
            "only_ipv6_peering_enabled": false,
            "peer_complete_virtual_networks_enabled": true,
            "remote_subnet_names": [],
            "remote_virtual_network_id": "/subscriptions/6fc13d10-c1bf-4274-8d91-68859a20ab08/resourceGroups/hamza-rg-hub/providers/Microsoft.Network/virtualNetworks/hamza-hub-vnet",
            "resource_group_name": "spoke-db-rg",
            "timeouts": null,
            "triggers": null,
            "use_remote_gateways": false,
            "virtual_network_name": "spoke-db-vnet"
          },
          "sensitive_attributes": [],
          "identity_schema_version": 0,
          "private": "eyJlMmJmYjczMC1lY2FhLTExZTYtOGY4OC0zNDM2M2JjN2M0YzAiOnsiY3JlYXRlIjoxODAwMDAwMDAwMDAwLCJkZWxldGUiOjE4MDAwMDAwMDAwMDAsInJlYWQiOjMwMDAwMDAwMDAwMCwidXBkYXRlIjoxODAwMDAwMDAwMDAwfX0=",
          "dependencies": [
            "module.hub.azurerm_resource_group.hub",
            "module.hub.azurerm_virtual_network.hub",
            "module.spoke_db.azurerm_resource_group.spoke",
            "module.spoke_db.azurerm_virtual_network.spoke"
          ]
        }
      ]
    },
    {
      "module": "module.spoke_db",
      "mode": "managed",
      "type": "azurerm_windows_virtual_machine",
      "name": "vm",
      "provider": "provider[\"registry.terraform.io/hashicorp/azurerm\"]",
      "instances": [
        {
          "schema_version": 0,
          "attributes": {
            "additional_capabilities": [],
            "additional_unattend_content": [],
            "admin_password": "Hamza@987987",
            "admin_username": "hamza",
            "allow_extension_operations": true,
            "availability_set_id": "",
            "boot_diagnostics": [],
            "bypass_platform_safety_checks_on_user_schedule_enabled": false,
            "capacity_reservation_group_id": "",
            "computer_name": "spoke-db-vm",
            "custom_data": null,
            "dedicated_host_group_id": "",
            "dedicated_host_id": "",
            "disk_controller_type": "",
            "edge_zone": "",
            "enable_automatic_updates": true,
            "encryption_at_host_enabled": false,
            "eviction_policy": "",
            "extensions_time_budget": "PT1H30M",
            "gallery_application": [],
            "hotpatching_enabled": false,
            "id": "/subscriptions/6fc13d10-c1bf-4274-8d91-68859a20ab08/resourceGroups/spoke-db-rg/providers/Microsoft.Compute/virtualMachines/spoke-db-vm",
            "identity": [],
            "license_type": "",
            "location": "uksouth",
            "max_bid_price": -1,
            "name": "spoke-db-vm",
            "network_interface_ids": [
              "/subscriptions/6fc13d10-c1bf-4274-8d91-68859a20ab08/resourceGroups/spoke-db-rg/providers/Microsoft.Network/networkInterfaces/spoke-db-nic"
            ],
            "os_disk": [
              {
                "caching": "ReadWrite",
                "diff_disk_settings": [],
                "disk_encryption_set_id": "",
                "disk_size_gb": 127,
                "id": "/subscriptions/6fc13d10-c1bf-4274-8d91-68859a20ab08/resourceGroups/spoke-db-rg/providers/Microsoft.Compute/disks/spoke-db-vm_OsDisk_1_f47677778d54499d88de7b20bb834635",
                "name": "spoke-db-vm_OsDisk_1_f47677778d54499d88de7b20bb834635",
                "secure_vm_disk_encryption_set_id": "",
                "security_encryption_type": "",
                "storage_account_type": "Standard_LRS",
                "write_accelerator_enabled": false
              }
            ],
            "os_image_notification": [],
            "patch_assessment_mode": "ImageDefault",
            "patch_mode": "AutomaticByOS",
            "plan": [],
            "platform_fault_domain": -1,
            "priority": "Regular",
            "private_ip_address": "10.2.1.4",
            "private_ip_addresses": [
              "10.2.1.4"
            ],
            "provision_vm_agent": true,
            "proximity_placement_group_id": "",
            "public_ip_address": "",
            "public_ip_addresses": [],
            "reboot_setting": "",
            "resource_group_name": "spoke-db-rg",
            "secret": [],
            "secure_boot_enabled": false,
            "size": "Standard_B1s",
            "source_image_id": "",
            "source_image_reference": [
              {
                "offer": "WindowsServer",
                "publisher": "MicrosoftWindowsServer",
                "sku": "2019-Datacenter",
                "version": "latest"
              }
            ],
            "tags": {
              "component": "spoke",
              "created_by": "terraform",
              "owner": "Hamza",
              "project": "Hybrid-Azure"
            },
            "termination_notification": [],
            "timeouts": null,
            "timezone": "",
            "user_data": "",
            "virtual_machine_id": "5bb5cacb-6147-48b0-a488-dd57dcb39d35",
            "virtual_machine_scale_set_id": "",
            "vm_agent_platform_updates_enabled": true,
            "vtpm_enabled": false,
            "winrm_listener": [],
            "zone": ""
          },
          "sensitive_attributes": [
            [
              {
                "type": "get_attr",
                "value": "admin_password"
              }
            ],
            [
              {
                "type": "get_attr",
                "value": "custom_data"
              }
            ]
          ],
          "identity_schema_version": 0,
          "private": "eyJlMmJmYjczMC1lY2FhLTExZTYtOGY4OC0zNDM2M2JjN2M0YzAiOnsiY3JlYXRlIjoyNzAwMDAwMDAwMDAwLCJkZWxldGUiOjI3MDAwMDAwMDAwMDAsInJlYWQiOjMwMDAwMDAwMDAwMCwidXBkYXRlIjoyNzAwMDAwMDAwMDAwfX0=",
          "dependencies": [
            "module.spoke_db.azurerm_network_interface.nic",
            "module.spoke_db.azurerm_resource_group.spoke",
            "module.spoke_db.azurerm_subnet.subnet",
            "module.spoke_db.azurerm_virtual_network.spoke"
          ]
        }
      ]
    }
  ],
  "check_results": null
}
